<?xml version="1.0" encoding="utf-8"?>
<Project ToolsVersion="4.0" xmlns="http://schemas.microsoft.com/developer/msbuild/2003">
  <ItemGroup>
    <Filter Include="Source Files">
      <UniqueIdentifier>{4FC737F1-C7A5-4376-A066-2A32D752A2FF}</UniqueIdentifier>
      <Extensions>cpp;c;cc;cxx;def;odl;idl;hpj;bat;asm;asmx</Extensions>
    </Filter>
    <Filter Include="Header Files">
      <UniqueIdentifier>{93995380-89BD-4b04-88EB-625FBE52EBFB}</UniqueIdentifier>
      <Extensions>h;hh;hpp;hxx;hm;inl;inc;ipp;xsd</Extensions>
    </Filter>
    <Filter Include="Resource Files">
      <UniqueIdentifier>{9b20b488-c2c0-4e96-ae5b-25618c29f4f7}</UniqueIdentifier>
    </Filter>
    <Filter Include="Asset Files">
      <UniqueIdentifier>{67DA6AB6-F800-4c08-8B7A-83BB121AAD01}</UniqueIdentifier>
      <Extensions>rc;ico;cur;bmp;dlg;rc2;rct;bin;rgs;gif;jpg;jpeg;jpe;resx;tiff;tif;png;wav;mfcribbon-ms</Extensions>
    </Filter>
    <Filter Include="Source Files\Node">
      <UniqueIdentifier>{29266f59-7d5e-4c9f-b7f5-aa5b43107a15}</UniqueIdentifier>
    </Filter>
    <Filter Include="Header Files\Node">
      <UniqueIdentifier>{9ca08cfe-daf5-487d-be20-a1c972ff82c2}</UniqueIdentifier>
    </Filter>
    <Filter Include="Source Files\Node\Core">
      <UniqueIdentifier>{152bd417-bf92-49c3-b2d9-e0769e7a2dc7}</UniqueIdentifier>
    </Filter>
    <Filter Include="Header Files\Node\Core">
      <UniqueIdentifier>{83c78c6c-9a9c-428b-abd7-4753b04dab2d}</UniqueIdentifier>
    </Filter>
    <Filter Include="Header Files\Node\Source">
      <UniqueIdentifier>{ccf99539-f224-412d-8300-23625193dc16}</UniqueIdentifier>
    </Filter>
    <Filter Include="Source Files\Node\Source">
      <UniqueIdentifier>{e16fc912-01fb-4c00-961c-b5dc1344c061}</UniqueIdentifier>
    </Filter>
    <Filter Include="Header Files\Node\Data">
      <UniqueIdentifier>{a9af7670-c3c4-48a4-9337-8edc4759a032}</UniqueIdentifier>
    </Filter>
    <Filter Include="Source Files\Node\Data">
      <UniqueIdentifier>{deff07fb-1948-4670-bbc5-b411acbd35b1}</UniqueIdentifier>
    </Filter>
    <Filter Include="Source Files\Node\Effect">
      <UniqueIdentifier>{e6ff40cd-fa17-4380-9090-bc0157a69d34}</UniqueIdentifier>
    </Filter>
    <Filter Include="Header Files\Node\Effect">
      <UniqueIdentifier>{fa943563-10d8-4b14-b6e2-d6069e87d3e2}</UniqueIdentifier>
    </Filter>
    <Filter Include="Header Files\Node\Geometry">
      <UniqueIdentifier>{a19ed50e-401e-4036-919b-52e9e57d0a25}</UniqueIdentifier>
    </Filter>
    <Filter Include="Source Files\Node\Geometry">
      <UniqueIdentifier>{2009d042-5012-4908-8c1a-2418316545a1}</UniqueIdentifier>
    </Filter>
    <Filter Include="Header Files\Data">
      <UniqueIdentifier>{da78241b-a160-433b-9a66-a03ba6411c17}</UniqueIdentifier>
    </Filter>
    <Filter Include="Source Files\Data">
      <UniqueIdentifier>{e6c6d396-5a4b-4496-a5eb-e2b3938abcfe}</UniqueIdentifier>
    </Filter>
  </ItemGroup>
  <ItemGroup>
    <ClCompile Include="src\CascadeApp.cpp">
      <Filter>Source Files</Filter>
    </ClCompile>
    <ClCompile Include="src\Node\Core\Node.cpp">
      <Filter>Source Files\Node\Core</Filter>
    </ClCompile>
    <ClCompile Include="src\Node\Core\NodeSystem.cpp">
      <Filter>Source Files\Node\Core</Filter>
    </ClCompile>
    <ClCompile Include="include\Node\Source\ElapsedTimeNode.h">
      <Filter>Header Files\Node\Source</Filter>
    </ClCompile>
    <ClCompile Include="src\Node\Source\ElapsedTimeNode.cpp">
      <Filter>Source Files\Node\Source</Filter>
    </ClCompile>
    <ClCompile Include="src\Node\Effect\ChromaticAberrationNode.cpp">
      <Filter>Source Files\Node\Effect</Filter>
    </ClCompile>
    <ClCompile Include="src\Node\Effect\PostProcessNode.cpp">
      <Filter>Source Files\Node\Effect</Filter>
    </ClCompile>
    <ClCompile Include="src\Node\Effect\TiltShiftNode.cpp">
      <Filter>Source Files\Node\Effect</Filter>
    </ClCompile>
    <ClCompile Include="src\Node\Effect\VignetteNode.cpp">
      <Filter>Source Files\Node\Effect</Filter>
    </ClCompile>
    <ClCompile Include="src\Node\Source\SourceNode.cpp">
      <Filter>Source Files\Node\Source</Filter>
    </ClCompile>
    <ClCompile Include="src\Node\Effect\KaleidoscopeNode.cpp">
      <Filter>Source Files\Node\Effect</Filter>
    </ClCompile>
    <ClCompile Include="src\Node\Geometry\GeometrySourceNode.cpp">
      <Filter>Source Files\Node\Geometry</Filter>
    </ClCompile>
    <ClCompile Include="src\Node\Geometry\GeometryInstanceNode.cpp">
      <Filter>Source Files\Node\Geometry</Filter>
    </ClCompile>
    <ClCompile Include="src\Node\Core\Parameter.cpp">
      <Filter>Source Files\Node\Core</Filter>
    </ClCompile>
    <ClCompile Include="src\Node\Core\RenderNode.cpp">
      <Filter>Source Files\Node\Core</Filter>
    </ClCompile>
  </ItemGroup>
  <ItemGroup>
    <ClInclude Include="include\CascadeApp.h">
      <Filter>Header Files</Filter>
    </ClInclude>
    <ClInclude Include="include\Node\Core\Connection.h">
      <Filter>Header Files\Node\Core</Filter>
    </ClInclude>
    <ClInclude Include="include\Node\Core\Node.h">
      <Filter>Header Files\Node\Core</Filter>
    </ClInclude>
    <ClInclude Include="include\Node\Core\NodeSystem.h">
      <Filter>Header Files\Node\Core</Filter>
    </ClInclude>
    <ClInclude Include="include\Node\Core\Parameter.h">
      <Filter>Header Files\Node\Core</Filter>
    </ClInclude>
    <ClInclude Include="include\Node\Data\MultiplyNode.h">
      <Filter>Header Files\Node\Data</Filter>
    </ClInclude>
    <ClInclude Include="include\Node\Effect\ChromaticAberrationNode.h">
      <Filter>Header Files\Node\Effect</Filter>
    </ClInclude>
    <ClInclude Include="include\Node\Effect\PostProcessNode.h">
      <Filter>Header Files\Node\Effect</Filter>
    </ClInclude>
    <ClInclude Include="include\Node\Effect\TiltShiftNode.h">
      <Filter>Header Files\Node\Effect</Filter>
    </ClInclude>
    <ClInclude Include="include\Node\Effect\VignetteNode.h">
      <Filter>Header Files\Node\Effect</Filter>
    </ClInclude>
    <ClInclude Include="include\Node\Source\SourceNode.h">
      <Filter>Header Files\Node\Source</Filter>
    </ClInclude>
    <ClInclude Include="include\Node\Effect\KaleidoscopeNode.h">
      <Filter>Header Files\Node\Effect</Filter>
    </ClInclude>
    <ClInclude Include="include\Node\Geometry\GeometrySourceNode.h">
      <Filter>Header Files\Node\Geometry</Filter>
    </ClInclude>
    <ClInclude Include="include\Data\GeometryDataObject.h">
      <Filter>Header Files\Data</Filter>
    </ClInclude>
    <ClInclude Include="include\Node\Geometry\GeometryInstanceNode.h">
      <Filter>Header Files\Node\Geometry</Filter>
    </ClInclude>
    <ClInclude Include="include\Node\Core\IRenderNode.h">
      <Filter>Header Files\Node\Core</Filter>
    </ClInclude>
    <ClInclude Include="include\Node\Core\RenderNode.h">
      <Filter>Header Files\Node\Core</Filter>
    </ClInclude>
  </ItemGroup>
  <ItemGroup>
    <None Include="assets\Passthrough.vert">
      <Filter>Asset Files</Filter>
    </None>
    <None Include="assets\ChromaticAberration.frag">
      <Filter>Asset Files</Filter>
    </None>
    <None Include="assets\Vignette.frag">
      <Filter>Asset Files</Filter>
    </None>
    <None Include="assets\TiltShift.frag">
      <Filter>Asset Files</Filter>
    </None>
    <None Include="assets\Kaleidoscope.frag">
      <Filter>Asset Files</Filter>
    </None>
  </ItemGroup>
</Project>